
Microsoft Visual Studio Solution File, Format Version 12.00
# Visual Studio Version 16
VisualStudioVersion = 16.0.31729.503
MinimumVisualStudioVersion = 10.0.40219.1
Project("{FAE04EC0-301F-11D3-BF4B-00C04F79EFBC}") = "SKILLZ", "SKILLZ.csproj", "{0694C839-1B30-49D5-8638-4ECB02EAEECC}"
EndProject
Global
	GlobalSection(SolutionConfigurationPlatforms) = preSolution
		Debug|Any CPU = Debug|Any CPU
		Release|Any CPU = Release|Any CPU
	EndGlobalSection
	GlobalSection(ProjectConfigurationPlatforms) = postSolution
		{0694C839-1B30-49D5-8638-4ECB02EAEECC}.Debug|Any CPU.ActiveCfg = Debug|Any CPU
		{0694C839-1B30-49D5-8638-4ECB02EAEECC}.Debug|Any CPU.Build.0 = Debug|Any CPU
		{0694C839-1B30-49D5-8638-4ECB02EAEECC}.Release|Any CPU.ActiveCfg = Release|Any CPU
		{0694C839-1B30-49D5-8638-4ECB02EAEECC}.Release|Any CPU.Build.0 = Release|Any CPU
	EndGlobalSection
	GlobalSection(SolutionProperties) = preSolution
		HideSolutionNode = FALSE
	EndGlobalSection
	GlobalSection(ExtensibilityGlobals) = postSolution
		SolutionGuid = {EC2EDF80-7C2D-4116-A60E-80E92EF3E737}
	EndGlobalSection
EndGlobal
